%{"bristow": {:hex, :bristow, "0.1.1", "1f9c1d6f0368e23e34b67908f5578beb3faed9668de8f86bfe4e4047d1f59a86", [:rebar3, :mix, :make], []},
  "bucs": {:hex, :bucs, "0.1.8", "8293d4aa64777fe7e3dc3a9e573a86dbfcbd434d6ce685a9f445f8560cacbb04", [:rebar3, :mix, :make], []},
  "connection": {:hex, :connection, "1.0.4", "a1cae72211f0eef17705aaededacac3eb30e6625b04a6117c1b2db6ace7d5976", [:mix], []},
  "db_connection": {:hex, :db_connection, "1.0.0-rc.5", "1d9ab6e01387bdf2de7a16c56866971f7c2f75aea7c69cae2a0346e4b537ae0d", [:mix], [{:connection, "~> 1.0.2", [hex: :connection, optional: false]}, {:poolboy, "~> 1.5", [hex: :poolboy, optional: true]}, {:sbroker, "~> 1.0.0-beta.3", [hex: :sbroker, optional: true]}]},
  "decimal": {:hex, :decimal, "1.1.2", "79a769d4657b2d537b51ef3c02d29ab7141d2b486b516c109642d453ee08e00c", [:mix], []},
  "doteki": {:hex, :doteki, "0.1.11", "8b6c7ab6c4f1cadb263ac11f67a4ec8e574a8af815b687354f34358c46f13024", [:rebar3, :mix, :make], [{:bucs, "~> 0.1.8", [hex: :bucs, optional: false]}]},
  "ecto": {:hex, :ecto, "2.0.4", "03fd3b9aa508b1383eb38c00ac389953ed22af53811aa2e504975a3e814a8d97", [:mix], [{:db_connection, "~> 1.0-rc.2", [hex: :db_connection, optional: true]}, {:decimal, "~> 1.0", [hex: :decimal, optional: false]}, {:mariaex, "~> 0.7.7", [hex: :mariaex, optional: true]}, {:poison, "~> 1.5 or ~> 2.0", [hex: :poison, optional: true]}, {:poolboy, "~> 1.5", [hex: :poolboy, optional: false]}, {:postgrex, "~> 0.11.2", [hex: :postgrex, optional: true]}, {:sbroker, "~> 1.0-beta", [hex: :sbroker, optional: true]}]},
  "espec": {:hex, :espec, "0.8.28", "f002710673d215876c4ca6fc74cbf5e330954badea7389d2284d2050940f1779", [:mix], [{:meck, "~> 0.8.4", [hex: :meck, optional: false]}]},
  "goldrush": {:hex, :goldrush, "0.1.8", "2024ba375ceea47e27ea70e14d2c483b2d8610101b4e852ef7f89163cdb6e649", [:rebar3], []},
  "jsx": {:hex, :jsx, "2.8.0", "749bec6d205c694ae1786d62cea6cc45a390437e24835fd16d12d74f07097727", [:mix, :rebar], []},
  "kafe": {:git, "https://github.com/botsunit/kafe.git", "dbc3122e3c5b170d6d3fddc0e6cebcef80b27c28", [branch: "master"]},
  "lager": {:hex, :lager, "3.2.1", "eef4e18b39e4195d37606d9088ea05bf1b745986cf8ec84f01d332456fe88d17", [:rebar3], [{:goldrush, "0.1.8", [hex: :goldrush, optional: false]}]},
  "lager_json_formatter": {:git, "https://github.com/botsunit/lager_json_formatter.git", "d1ed3ec29052fcbe5602bd9603fff2eee78660fe", [tag: "0.1.0"]},
  "meck": {:hex, :meck, "0.8.4", "59ca1cd971372aa223138efcf9b29475bde299e1953046a0c727184790ab1520", [:rebar, :make], []},
  "pipette": {:git, "git@gitlab.botsunit.com:msaas/pipette.git", "7a9babf96e7106fa0c6adfe6759267a163d10277", [tag: "0.1.3"]},
  "poison": {:hex, :poison, "2.2.0", "4763b69a8a77bd77d26f477d196428b741261a761257ff1cf92753a0d4d24a63", [:mix], []},
  "poolboy": {:hex, :poolboy, "1.5.1", "6b46163901cfd0a1b43d692657ed9d7e599853b3b21b95ae5ae0a777cf9b6ca8", [:rebar], []},
  "poolgirl": {:git, "https://github.com/botsunit/poolgirl.git", "d0a1872e346f5866ecf90620b074f458540208e5", [branch: "master"]},
  "postgrex": {:hex, :postgrex, "0.11.2", "139755c1359d3c5c6d6e8b1ea72556d39e2746f61c6ddfb442813c91f53487e8", [:mix], [{:connection, "~> 1.0", [hex: :connection, optional: false]}, {:db_connection, "~> 1.0-rc", [hex: :db_connection, optional: false]}, {:decimal, "~> 1.0", [hex: :decimal, optional: false]}]},
  "uuid": {:git, "https://github.com/botsunit/erlang-uuid.git", "582cab69bdff5c56ca3907226ed7dca8663b5701", [tag: "0.6.0"]},
  "wok": {:git, "git@gitlab.botsunit.com:msaas/wok.git", "f6126b2166dd3196c5d3b72be9301d83905f9047", [branch: "master"]},
  "wok_message_handler": {:git, "git@gitlab.botsunit.com:msaas/wok_message_handler.git", "26ad21c7fcaab8d6ff3fa66ddad5a9ee12d4a5ce", [branch: "master"]}}
