%{"bristow": {:hex, :bristow, "0.2.2", "034423223b1b27ec5e39928a04476f7aeaae9edf9e3448c572049db8fc595c8a", [:make, :mix, :rebar3], []},
  "bucs": {:hex, :bucs, "1.0.6", "b0467388b5adaabb4d8726595b7b754a961bfe80f0ccac88f58e1afea32be6d0", [:make, :mix, :rebar3], []},
  "connection": {:hex, :connection, "1.0.4", "a1cae72211f0eef17705aaededacac3eb30e6625b04a6117c1b2db6ace7d5976", [:mix], []},
  "db_connection": {:hex, :db_connection, "1.1.0", "b2b88db6d7d12f99997b584d09fad98e560b817a20dab6a526830e339f54cdb3", [:mix], [{:connection, "~> 1.0.2", [hex: :connection, optional: false]}, {:poolboy, "~> 1.5", [hex: :poolboy, optional: true]}, {:sbroker, "~> 1.0", [hex: :sbroker, optional: true]}]},
  "decimal": {:hex, :decimal, "1.3.1", "157b3cedb2bfcb5359372a7766dd7a41091ad34578296e951f58a946fcab49c6", [:mix], []},
  "doteki": {:hex, :doteki, "1.0.5", "1e719dbe540f84ea87c6dc92be4b6f706a42b08067af519de13b6efc27243a49", [:make, :mix, :rebar3], [{:bucs, "~> 1.0.6", [hex: :bucs, optional: false]}]},
  "ecto": {:hex, :ecto, "2.0.6", "9dcbf819c2a77f67a66b83739b7fcc00b71aaf6c100016db4f798930fa4cfd47", [:mix], [{:db_connection, "~> 1.0", [hex: :db_connection, optional: true]}, {:decimal, "~> 1.1.2 or ~> 1.2", [hex: :decimal, optional: false]}, {:mariaex, "~> 0.8.0", [hex: :mariaex, optional: true]}, {:poison, "~> 1.5 or ~> 2.0", [hex: :poison, optional: true]}, {:poolboy, "~> 1.5", [hex: :poolboy, optional: false]}, {:postgrex, "~> 0.12.0", [hex: :postgrex, optional: true]}, {:sbroker, "~> 1.0-beta", [hex: :sbroker, optional: true]}]},
  "espec": {:hex, :espec, "1.2.2", "c54cead6b197e9bcf32406d43eaedb1675a2b35c5ccc63f1033782c8d616b4a2", [:mix], [{:meck, "~> 0.8.4", [hex: :meck, optional: false]}]},
  "goldrush": {:hex, :goldrush, "0.1.9", "f06e5d5f1277da5c413e84d5a2924174182fb108dabb39d5ec548b27424cd106", [:rebar3], []},
  "jsx": {:hex, :jsx, "2.8.2", "7acc7d785b5abe8a6e9adbde926a24e481f29956dd8b4df49e3e4e7bcc92a018", [:mix, :rebar3], []},
  "kafe": {:hex, :kafe, "2.2.1", "c1722f4b77d2c8569e40b9a9c74c95b1ee543b2220aab031e87a8a5c41273885", [:make, :mix, :rebar3], [{:bristow, "~> 0.2.2", [hex: :bristow, optional: false]}, {:bucs, "~> 1.0.6", [hex: :bucs, optional: false]}, {:doteki, "~> 1.0.5", [hex: :doteki, optional: false]}, {:lager, "~> 3.2.0", [hex: :lager, optional: false]}, {:metrics, "~> 2.2.0", [hex: :metrics, optional: false]}, {:poolgirl, "~> 1.1.2", [hex: :poolgirl, optional: false]}]},
  "lager": {:hex, :lager, "3.2.4", "a6deb74dae7927f46bd13255268308ef03eb206ec784a94eaf7c1c0f3b811615", [:rebar3], [{:goldrush, "0.1.9", [hex: :goldrush, optional: false]}]},
  "lager_json_formatter": {:hex, :lager_json_formatter, "0.2.2", "7e58fc2001a5c7720d9abba69c0b05e52db0890cb8c543f2980ed75fc0f00311", [:make, :mix, :rebar3], [{:jsx, "~> 2.8.0", [hex: :jsx, optional: false]}, {:lager, "~> 3.2.0", [hex: :lager, optional: false]}]},
  "meck": {:hex, :meck, "0.8.4", "59ca1cd971372aa223138efcf9b29475bde299e1953046a0c727184790ab1520", [:make, :rebar], []},
  "metrics": {:hex, :metrics, "2.2.0", "709b45a275fde02c9f2950ceab38b29b46d05687de33299e02c03a71be336545", [:rebar3], []},
  "poison": {:hex, :poison, "2.2.0", "4763b69a8a77bd77d26f477d196428b741261a761257ff1cf92753a0d4d24a63", [:mix], []},
  "poolboy": {:hex, :poolboy, "1.5.1", "6b46163901cfd0a1b43d692657ed9d7e599853b3b21b95ae5ae0a777cf9b6ca8", [:rebar], []},
  "poolgirl": {:hex, :poolgirl, "1.1.2", "c36f0dbd37ff6815c9ccde9a144ad889dbbc8640861aa1513b6bfbc2d2b2c120", [:make, :mix, :rebar3], [{:doteki, "~> 1.0.5", [hex: :doteki, optional: false]}]},
  "postgrex": {:hex, :postgrex, "0.12.1", "2f8b46cb3a44dcd42f42938abedbfffe7e103ba4ce810ccbeee8dcf27ca0fb06", [:mix], [{:connection, "~> 1.0", [hex: :connection, optional: false]}, {:db_connection, "~> 1.0-rc.4", [hex: :db_connection, optional: false]}, {:decimal, "~> 1.0", [hex: :decimal, optional: false]}]},
  "uuid": {:git, "https://github.com/botsunit/erlang-uuid.git", "f350d2baad17b80d1c7bde7397c381701a14e6a5", [tag: "0.7.2"]},
  "wok": {:git, "git@gitlab.botsunit.com:msaas/wok.git", "e139c9d6cdc47f6971fdd77dc4c3a654221a8e44", [tag: "0.7.1"]}}
